// !$*UTF8*$!
{
	archiveVersion = 1;
	classes = {
	};
	objectVersion = 56;
	objects = {

/* Begin PBXBuildFile section */
		3832678E2971B19D00C625D2 /* AppDelegate.swift in Sources */ = {isa = PBXBuildFile; fileRef = 3832678D2971B19D00C625D2 /* AppDelegate.swift */; };
		383267902971B19D00C625D2 /* SceneDelegate.swift in Sources */ = {isa = PBXBuildFile; fileRef = 3832678F2971B19D00C625D2 /* SceneDelegate.swift */; };
		383267922971B19D00C625D2 /* ViewController.swift in Sources */ = {isa = PBXBuildFile; fileRef = 383267912971B19D00C625D2 /* ViewController.swift */; };
		383267952971B19D00C625D2 /* Main.storyboard in Resources */ = {isa = PBXBuildFile; fileRef = 383267932971B19D00C625D2 /* Main.storyboard */; };
		383267972971B19F00C625D2 /* Assets.xcassets in Resources */ = {isa = PBXBuildFile; fileRef = 383267962971B19F00C625D2 /* Assets.xcassets */; };
		3832679A2971B19F00C625D2 /* LaunchScreen.storyboard in Resources */ = {isa = PBXBuildFile; fileRef = 383267982971B19F00C625D2 /* LaunchScreen.storyboard */; };
		383267A22971C5E500C625D2 /* BalanceViewModel.swift in Sources */ = {isa = PBXBuildFile; fileRef = 383267A12971C5E500C625D2 /* BalanceViewModel.swift */; };
		383267A52971C65B00C625D2 /* BalanceViewModel+Extension.swift in Sources */ = {isa = PBXBuildFile; fileRef = 383267A42971C65B00C625D2 /* BalanceViewModel+Extension.swift */; };
		383A52D2297885E100DB8827 /* ProfileViewModel.swift in Sources */ = {isa = PBXBuildFile; fileRef = 383A52D1297885E100DB8827 /* ProfileViewModel.swift */; };
		386D165129733287002712FB /* UIViewControllerExtension.swift in Sources */ = {isa = PBXBuildFile; fileRef = 386D165029733287002712FB /* UIViewControllerExtension.swift */; };
		386D165429733ABC002712FB /* ProfileViewController.swift in Sources */ = {isa = PBXBuildFile; fileRef = 386D165329733ABC002712FB /* ProfileViewController.swift */; };
		38FAC4152972226E00B9C54B /* Lottie in Frameworks */ = {isa = PBXBuildFile; productRef = 38FAC4142972226E00B9C54B /* Lottie */; };
		38FAC417297222B600B9C54B /* AnimationViewController.swift in Sources */ = {isa = PBXBuildFile; fileRef = 38FAC416297222B600B9C54B /* AnimationViewController.swift */; };
		38FAC419297223A500B9C54B /* paying.json in Resources */ = {isa = PBXBuildFile; fileRef = 38FAC418297223A500B9C54B /* paying.json */; };
/* End PBXBuildFile section */

/* Begin PBXFileReference section */
		3832678A2971B19D00C625D2 /* Semana Uno.app */ = {isa = PBXFileReference; explicitFileType = wrapper.application; includeInIndex = 0; path = "Semana Uno.app"; sourceTree = BUILT_PRODUCTS_DIR; };
		3832678D2971B19D00C625D2 /* AppDelegate.swift */ = {isa = PBXFileReference; lastKnownFileType = sourcecode.swift; path = AppDelegate.swift; sourceTree = "<group>"; };
		3832678F2971B19D00C625D2 /* SceneDelegate.swift */ = {isa = PBXFileReference; lastKnownFileType = sourcecode.swift; path = SceneDelegate.swift; sourceTree = "<group>"; };
		383267912971B19D00C625D2 /* ViewController.swift */ = {isa = PBXFileReference; lastKnownFileType = sourcecode.swift; path = ViewController.swift; sourceTree = "<group>"; };
		383267942971B19D00C625D2 /* Base */ = {isa = PBXFileReference; lastKnownFileType = file.storyboard; name = Base; path = Base.lproj/Main.storyboard; sourceTree = "<group>"; };
		383267962971B19F00C625D2 /* Assets.xcassets */ = {isa = PBXFileReference; lastKnownFileType = folder.assetcatalog; path = Assets.xcassets; sourceTree = "<group>"; };
		383267992971B19F00C625D2 /* Base */ = {isa = PBXFileReference; lastKnownFileType = file.storyboard; name = Base; path = Base.lproj/LaunchScreen.storyboard; sourceTree = "<group>"; };
		3832679B2971B19F00C625D2 /* Info.plist */ = {isa = PBXFileReference; lastKnownFileType = text.plist.xml; path = Info.plist; sourceTree = "<group>"; };
		383267A12971C5E500C625D2 /* BalanceViewModel.swift */ = {isa = PBXFileReference; lastKnownFileType = sourcecode.swift; path = BalanceViewModel.swift; sourceTree = "<group>"; };
		383267A42971C65B00C625D2 /* BalanceViewModel+Extension.swift */ = {isa = PBXFileReference; lastKnownFileType = sourcecode.swift; path = "BalanceViewModel+Extension.swift"; sourceTree = "<group>"; };
		383A52D1297885E100DB8827 /* ProfileViewModel.swift */ = {isa = PBXFileReference; lastKnownFileType = sourcecode.swift; path = ProfileViewModel.swift; sourceTree = "<group>"; };
		386D165029733287002712FB /* UIViewControllerExtension.swift */ = {isa = PBXFileReference; lastKnownFileType = sourcecode.swift; path = UIViewControllerExtension.swift; sourceTree = "<group>"; };
		386D165329733ABC002712FB /* ProfileViewController.swift */ = {isa = PBXFileReference; lastKnownFileType = sourcecode.swift; path = ProfileViewController.swift; sourceTree = "<group>"; };
		38FAC416297222B600B9C54B /* AnimationViewController.swift */ = {isa = PBXFileReference; lastKnownFileType = sourcecode.swift; path = AnimationViewController.swift; sourceTree = "<group>"; };
		38FAC418297223A500B9C54B /* paying.json */ = {isa = PBXFileReference; fileEncoding = 4; lastKnownFileType = text.json; path = paying.json; sourceTree = "<group>"; };
/* End PBXFileReference section */

/* Begin PBXFrameworksBuildPhase section */
		383267872971B19D00C625D2 /* Frameworks */ = {
			isa = PBXFrameworksBuildPhase;
			buildActionMask = 2147483647;
			files = (
				38FAC4152972226E00B9C54B /* Lottie in Frameworks */,
			);
			runOnlyForDeploymentPostprocessing = 0;
		};
/* End PBXFrameworksBuildPhase section */

/* Begin PBXGroup section */
		383267812971B19D00C625D2 = {
			isa = PBXGroup;
			children = (
				3832678C2971B19D00C625D2 /* Semana Uno */,
				3832678B2971B19D00C625D2 /* Products */,
			);
			sourceTree = "<group>";
		};
		3832678B2971B19D00C625D2 /* Products */ = {
			isa = PBXGroup;
			children = (
				3832678A2971B19D00C625D2 /* Semana Uno.app */,
			);
			name = Products;
			sourceTree = "<group>";
		};
		3832678C2971B19D00C625D2 /* Semana Uno */ = {
			isa = PBXGroup;
			children = (
				3832678D2971B19D00C625D2 /* AppDelegate.swift */,
				3832678F2971B19D00C625D2 /* SceneDelegate.swift */,
				383267A12971C5E500C625D2 /* BalanceViewModel.swift */,
				383A52D1297885E100DB8827 /* ProfileViewModel.swift */,
				383267912971B19D00C625D2 /* ViewController.swift */,
				386D165329733ABC002712FB /* ProfileViewController.swift */,
				386D1652297333E3002712FB /* Extensions */,
				38FAC41A297223B900B9C54B /* LottieAnimation */,
				383267A32971C64400C625D2 /* Training */,
				383267932971B19D00C625D2 /* Main.storyboard */,
				383267962971B19F00C625D2 /* Assets.xcassets */,
				383267982971B19F00C625D2 /* LaunchScreen.storyboard */,
				3832679B2971B19F00C625D2 /* Info.plist */,
			);
			path = "Semana Uno";
			sourceTree = "<group>";
		};
		383267A32971C64400C625D2 /* Training */ = {
			isa = PBXGroup;
			children = (
				383267A42971C65B00C625D2 /* BalanceViewModel+Extension.swift */,
			);
			path = Training;
			sourceTree = "<group>";
		};
		386D1652297333E3002712FB /* Extensions */ = {
			isa = PBXGroup;
			children = (
				386D165029733287002712FB /* UIViewControllerExtension.swift */,
			);
			path = Extensions;
			sourceTree = "<group>";
		};
		38FAC41A297223B900B9C54B /* LottieAnimation */ = {
			isa = PBXGroup;
			children = (
				38FAC416297222B600B9C54B /* AnimationViewController.swift */,
				38FAC418297223A500B9C54B /* paying.json */,
			);
			path = LottieAnimation;
			sourceTree = "<group>";
		};
/* End PBXGroup section */

/* Begin PBXNativeTarget section */
		383267892971B19D00C625D2 /* Semana Uno */ = {
			isa = PBXNativeTarget;
			buildConfigurationList = 3832679E2971B19F00C625D2 /* Build configuration list for PBXNativeTarget "Semana Uno" */;
			buildPhases = (
				383267862971B19D00C625D2 /* Sources */,
				383267872971B19D00C625D2 /* Frameworks */,
				383267882971B19D00C625D2 /* Resources */,
			);
			buildRules = (
			);
			dependencies = (
			);
			name = "Semana Uno";
			packageProductDependencies = (
				38FAC4142972226E00B9C54B /* Lottie */,
			);
			productName = "Semana Uno";
			productReference = 3832678A2971B19D00C625D2 /* Semana Uno.app */;
			productType = "com.apple.product-type.application";
		};
/* End PBXNativeTarget section */

/* Begin PBXProject section */
		383267822971B19D00C625D2 /* Project object */ = {
			isa = PBXProject;
			attributes = {
				BuildIndependentTargetsInParallel = 1;
				LastSwiftUpdateCheck = 1400;
				LastUpgradeCheck = 1400;
				TargetAttributes = {
					383267892971B19D00C625D2 = {
						CreatedOnToolsVersion = 14.0.1;
					};
				};
			};
			buildConfigurationList = 383267852971B19D00C625D2 /* Build configuration list for PBXProject "Semana Uno" */;
			compatibilityVersion = "Xcode 14.0";
			developmentRegion = en;
			hasScannedForEncodings = 0;
			knownRegions = (
				en,
				Base,
			);
			mainGroup = 383267812971B19D00C625D2;
			packageReferences = (
				38FAC4132972226E00B9C54B /* XCRemoteSwiftPackageReference "lottie-ios" */,
			);
			productRefGroup = 3832678B2971B19D00C625D2 /* Products */;
			projectDirPath = "";
			projectRoot = "";
			targets = (
				383267892971B19D00C625D2 /* Semana Uno */,
			);
		};
/* End PBXProject section */

/* Begin PBXResourcesBuildPhase section */
		383267882971B19D00C625D2 /* Resources */ = {
			isa = PBXResourcesBuildPhase;
			buildActionMask = 2147483647;
			files = (
				38FAC419297223A500B9C54B /* paying.json in Resources */,
				3832679A2971B19F00C625D2 /* LaunchScreen.storyboard in Resources */,
				383267972971B19F00C625D2 /* Assets.xcassets in Resources */,
				383267952971B19D00C625D2 /* Main.storyboard in Resources */,
			);
			runOnlyForDeploymentPostprocessing = 0;
		};
/* End PBXResourcesBuildPhase section */

/* Begin PBXSourcesBuildPhase section */
		383267862971B19D00C625D2 /* Sources */ = {
			isa = PBXSourcesBuildPhase;
			buildActionMask = 2147483647;
			files = (
				383267922971B19D00C625D2 /* ViewController.swift in Sources */,
				3832678E2971B19D00C625D2 /* AppDelegate.swift in Sources */,
				383267902971B19D00C625D2 /* SceneDelegate.swift in Sources */,
				383A52D2297885E100DB8827 /* ProfileViewModel.swift in Sources */,
				38FAC417297222B600B9C54B /* AnimationViewController.swift in Sources */,
				383267A22971C5E500C625D2 /* BalanceViewModel.swift in Sources */,
				386D165129733287002712FB /* UIViewControllerExtension.swift in Sources */,
				386D165429733ABC002712FB /* ProfileViewController.swift in Sources */,
				383267A52971C65B00C625D2 /* BalanceViewModel+Extension.swift in Sources */,
			);
			runOnlyForDeploymentPostprocessing = 0;
		};
/* End PBXSourcesBuildPhase section */

/* Begin PBXVariantGroup section */
		383267932971B19D00C625D2 /* Main.storyboard */ = {
			isa = PBXVariantGroup;
			children = (
				383267942971B19D00C625D2 /* Base */,
			);
			name = Main.storyboard;
			sourceTree = "<group>";
		};
		383267982971B19F00C625D2 /* LaunchScreen.storyboard */ = {
			isa = PBXVariantGroup;
			children = (
				383267992971B19F00C625D2 /* Base */,
			);
			name = LaunchScreen.storyboard;
			sourceTree = "<group>";
		};
/* End PBXVariantGroup section */

/* Begin XCBuildConfiguration section */
		3832679C2971B19F00C625D2 /* Debug */ = {
			isa = XCBuildConfiguration;
			buildSettings = {
				ALWAYS_SEARCH_USER_PATHS = NO;
				CLANG_ANALYZER_NONNULL = YES;
				CLANG_ANALYZER_NUMBER_OBJECT_CONVERSION = YES_AGGRESSIVE;
				CLANG_CXX_LANGUAGE_STANDARD = "gnu++20";
				CLANG_ENABLE_MODULES = YES;
				CLANG_ENABLE_OBJC_ARC = YES;
				CLANG_ENABLE_OBJC_WEAK = YES;
				CLANG_WARN_BLOCK_CAPTURE_AUTORELEASING = YES;
				CLANG_WARN_BOOL_CONVERSION = YES;
				CLANG_WARN_COMMA = YES;
				CLANG_WARN_CONSTANT_CONVERSION = YES;
				CLANG_WARN_DEPRECATED_OBJC_IMPLEMENTATIONS = YES;
				CLANG_WARN_DIRECT_OBJC_ISA_USAGE = YES_ERROR;
				CLANG_WARN_DOCUMENTATION_COMMENTS = YES;
				CLANG_WARN_EMPTY_BODY = YES;
				CLANG_WARN_ENUM_CONVERSION = YES;
				CLANG_WARN_INFINITE_RECURSION = YES;
				CLANG_WARN_INT_CONVERSION = YES;
				CLANG_WARN_NON_LITERAL_NULL_CONVERSION = YES;
				CLANG_WARN_OBJC_IMPLICIT_RETAIN_SELF = YES;
				CLANG_WARN_OBJC_LITERAL_CONVERSION = YES;
				CLANG_WARN_OBJC_ROOT_CLASS = YES_ERROR;
				CLANG_WARN_QUOTED_INCLUDE_IN_FRAMEWORK_HEADER = YES;
				CLANG_WARN_RANGE_LOOP_ANALYSIS = YES;
				CLANG_WARN_STRICT_PROTOTYPES = YES;
				CLANG_WARN_SUSPICIOUS_MOVE = YES;
				CLANG_WARN_UNGUARDED_AVAILABILITY = YES_AGGRESSIVE;
				CLANG_WARN_UNREACHABLE_CODE = YES;
				CLANG_WARN__DUPLICATE_METHOD_MATCH = YES;
				COPY_PHASE_STRIP = NO;
				DEBUG_INFORMATION_FORMAT = dwarf;
				ENABLE_STRICT_OBJC_MSGSEND = YES;
				ENABLE_TESTABILITY = YES;
				GCC_C_LANGUAGE_STANDARD = gnu11;
				GCC_DYNAMIC_NO_PIC = NO;
				GCC_NO_COMMON_BLOCKS = YES;
				GCC_OPTIMIZATION_LEVEL = 0;
				GCC_PREPROCESSOR_DEFINITIONS = (
					"DEBUG=1",
					"$(inherited)",
				);
				GCC_WARN_64_TO_32_BIT_CONVERSION = YES;
				GCC_WARN_ABOUT_RETURN_TYPE = YES_ERROR;
				GCC_WARN_UNDECLARED_SELECTOR = YES;
				GCC_WARN_UNINITIALIZED_AUTOS = YES_AGGRESSIVE;
				GCC_WARN_UNUSED_FUNCTION = YES;
				GCC_WARN_UNUSED_VARIABLE = YES;
				IPHONEOS_DEPLOYMENT_TARGET = 16.0;
				MTL_ENABLE_DEBUG_INFO = INCLUDE_SOURCE;
				MTL_FAST_MATH = YES;
				ONLY_ACTIVE_ARCH = YES;
				SDKROOT = iphoneos;
				SWIFT_ACTIVE_COMPILATION_CONDITIONS = DEBUG;
				SWIFT_OPTIMIZATION_LEVEL = "-Onone";
			};
			name = Debug;
		};
		3832679D2971B19F00C625D2 /* Release */ = {
			isa = XCBuildConfiguration;
			buildSettings = {
				ALWAYS_SEARCH_USER_PATHS = NO;
				CLANG_ANALYZER_NONNULL = YES;
				CLANG_ANALYZER_NUMBER_OBJECT_CONVERSION = YES_AGGRESSIVE;
				CLANG_CXX_LANGUAGE_STANDARD = "gnu++20";
				CLANG_ENABLE_MODULES = YES;
				CLANG_ENABLE_OBJC_ARC = YES;
				CLANG_ENABLE_OBJC_WEAK = YES;
				CLANG_WARN_BLOCK_CAPTURE_AUTORELEASING = YES;
				CLANG_WARN_BOOL_CONVERSION = YES;
				CLANG_WARN_COMMA = YES;
				CLANG_WARN_CONSTANT_CONVERSION = YES;
				CLANG_WARN_DEPRECATED_OBJC_IMPLEMENTATIONS = YES;
				CLANG_WARN_DIRECT_OBJC_ISA_USAGE = YES_ERROR;
				CLANG_WARN_DOCUMENTATION_COMMENTS = YES;
				CLANG_WARN_EMPTY_BODY = YES;
				CLANG_WARN_ENUM_CONVERSION = YES;
				CLANG_WARN_INFINITE_RECURSION = YES;
				CLANG_WARN_INT_CONVERSION = YES;
				CLANG_WARN_NON_LITERAL_NULL_CONVERSION = YES;
				CLANG_WARN_OBJC_IMPLICIT_RETAIN_SELF = YES;
				CLANG_WARN_OBJC_LITERAL_CONVERSION = YES;
				CLANG_WARN_OBJC_ROOT_CLASS = YES_ERROR;
				CLANG_WARN_QUOTED_INCLUDE_IN_FRAMEWORK_HEADER = YES;
				CLANG_WARN_RANGE_LOOP_ANALYSIS = YES;
				CLANG_WARN_STRICT_PROTOTYPES = YES;
				CLANG_WARN_SUSPICIOUS_MOVE = YES;
				CLANG_WARN_UNGUARDED_AVAILABILITY = YES_AGGRESSIVE;
				CLANG_WARN_UNREACHABLE_CODE = YES;
				CLANG_WARN__DUPLICATE_METHOD_MATCH = YES;
				COPY_PHASE_STRIP = NO;
				DEBUG_INFORMATION_FORMAT = "dwarf-with-dsym";
				ENABLE_NS_ASSERTIONS = NO;
				ENABLE_STRICT_OBJC_MSGSEND = YES;
				GCC_C_LANGUAGE_STANDARD = gnu11;
				GCC_NO_COMMON_BLOCKS = YES;
				GCC_WARN_64_TO_32_BIT_CONVERSION = YES;
				GCC_WARN_ABOUT_RETURN_TYPE = YES_ERROR;
				GCC_WARN_UNDECLARED_SELECTOR = YES;
				GCC_WARN_UNINITIALIZED_AUTOS = YES_AGGRESSIVE;
				GCC_WARN_UNUSED_FUNCTION = YES;
				GCC_WARN_UNUSED_VARIABLE = YES;
				IPHONEOS_DEPLOYMENT_TARGET = 16.0;
				MTL_ENABLE_DEBUG_INFO = NO;
				MTL_FAST_MATH = YES;
				SDKROOT = iphoneos;
				SWIFT_COMPILATION_MODE = wholemodule;
				SWIFT_OPTIMIZATION_LEVEL = "-O";
				VALIDATE_PRODUCT = YES;
			};
			name = Release;
		};
		3832679F2971B19F00C625D2 /* Debug */ = {
			isa = XCBuildConfiguration;
			buildSettings = {
				ASSETCATALOG_COMPILER_APPICON_NAME = AppIcon;
				ASSETCATALOG_COMPILER_GLOBAL_ACCENT_COLOR_NAME = AccentColor;
				CODE_SIGN_STYLE = Automatic;
				CURRENT_PROJECT_VERSION = 1;
				GENERATE_INFOPLIST_FILE = YES;
				INFOPLIST_FILE = "Semana Uno/Info.plist";
				INFOPLIST_KEY_UIApplicationSupportsIndirectInputEvents = YES;
				INFOPLIST_KEY_UILaunchStoryboardName = LaunchScreen;
				INFOPLIST_KEY_UIMainStoryboardFile = Main;
				INFOPLIST_KEY_UISupportedInterfaceOrientations_iPad = "UIInterfaceOrientationPortrait UIInterfaceOrientationPortraitUpsideDown UIInterfaceOrientationLandscapeLeft UIInterfaceOrientationLandscapeRight";
				INFOPLIST_KEY_UISupportedInterfaceOrientations_iPhone = "UIInterfaceOrientationPortrait UIInterfaceOrientationLandscapeLeft UIInterfaceOrientationLandscapeRight";
				LD_RUNPATH_SEARCH_PATHS = (
					"$(inherited)",
					"@executable_path/Frameworks",
				);
				MARKETING_VERSION = 1.0;
				PRODUCT_BUNDLE_IDENTIFIER = "abner.Semana-Uno";
				PRODUCT_NAME = "$(TARGET_NAME)";
				SWIFT_EMIT_LOC_STRINGS = YES;
				SWIFT_VERSION = 5.0;
				TARGETED_DEVICE_FAMILY = "1,2";
			};
			name = Debug;
		};
		383267A02971B19F00C625D2 /* Release */ = {
			isa = XCBuildConfiguration;
			buildSettings = {
				ASSETCATALOG_COMPILER_APPICON_NAME = AppIcon;
				ASSETCATALOG_COMPILER_GLOBAL_ACCENT_COLOR_NAME = AccentColor;
				CODE_SIGN_STYLE = Automatic;
				CURRENT_PROJECT_VERSION = 1;
				GENERATE_INFOPLIST_FILE = YES;
				INFOPLIST_FILE = "Semana Uno/Info.plist";
				INFOPLIST_KEY_UIApplicationSupportsIndirectInputEvents = YES;
				INFOPLIST_KEY_UILaunchStoryboardName = LaunchScreen;
				INFOPLIST_KEY_UIMainStoryboardFile = Main;
				INFOPLIST_KEY_UISupportedInterfaceOrientations_iPad = "UIInterfaceOrientationPortrait UIInterfaceOrientationPortraitUpsideDown UIInterfaceOrientationLandscapeLeft UIInterfaceOrientationLandscapeRight";
				INFOPLIST_KEY_UISupportedInterfaceOrientations_iPhone = "UIInterfaceOrientationPortrait UIInterfaceOrientationLandscapeLeft UIInterfaceOrientationLandscapeRight";
				LD_RUNPATH_SEARCH_PATHS = (
					"$(inherited)",
					"@executable_path/Frameworks",
				);
				MARKETING_VERSION = 1.0;
				PRODUCT_BUNDLE_IDENTIFIER = "abner.Semana-Uno";
				PRODUCT_NAME = "$(TARGET_NAME)";
				SWIFT_EMIT_LOC_STRINGS = YES;
				SWIFT_VERSION = 5.0;
				TARGETED_DEVICE_FAMILY = "1,2";
			};
			name = Release;
		};
/* End XCBuildConfiguration section */

/* Begin XCConfigurationList section */
		383267852971B19D00C625D2 /* Build configuration list for PBXProject "Semana Uno" */ = {
			isa = XCConfigurationList;
			buildConfigurations = (
				3832679C2971B19F00C625D2 /* Debug */,
				3832679D2971B19F00C625D2 /* Release */,
			);
			defaultConfigurationIsVisible = 0;
			defaultConfigurationName = Release;
		};
		3832679E2971B19F00C625D2 /* Build configuration list for PBXNativeTarget "Semana Uno" */ = {
			isa = XCConfigurationList;
			buildConfigurations = (
				3832679F2971B19F00C625D2 /* Debug */,
				383267A02971B19F00C625D2 /* Release */,
			);
			defaultConfigurationIsVisible = 0;
			defaultConfigurationName = Release;
		};
/* End XCConfigurationList section */

/* Begin XCRemoteSwiftPackageReference section */
		38FAC4132972226E00B9C54B /* XCRemoteSwiftPackageReference "lottie-ios" */ = {
			isa = XCRemoteSwiftPackageReference;
			repositoryURL = "https://github.com/airbnb/lottie-ios.git";
			requirement = {
				kind = upToNextMajorVersion;
				minimumVersion = 4.0.0;
			};
		};
/* End XCRemoteSwiftPackageReference section */

/* Begin XCSwiftPackageProductDependency section */
		38FAC4142972226E00B9C54B /* Lottie */ = {
			isa = XCSwiftPackageProductDependency;
			package = 38FAC4132972226E00B9C54B /* XCRemoteSwiftPackageReference "lottie-ios" */;
			productName = Lottie;
		};
/* End XCSwiftPackageProductDependency section */
	};
	rootObject = 383267822971B19D00C625D2 /* Project object */;
}
